
Microsoft Visual Studio Solution File, Format Version 12.00
Project("{FAE04EC0-301F-11D3-BF4B-00C04F79EFBC}") = "TrueCodeTest.CurrencyUpdater", "TrueCodeTest.CurrencyUpdater\TrueCodeTest.CurrencyUpdater.csproj", "{0BBC975E-B2FC-407F-9F5B-E2FE7BBDF89F}"
EndProject
Project("{FAE04EC0-301F-11D3-BF4B-00C04F79EFBC}") = "TrueCodeTest.Shared", "TrueCodeTest.Shared\TrueCodeTest.Shared.csproj", "{996104AE-01F2-470F-8FED-4A201E6E6852}"
EndProject
Project("{FAE04EC0-301F-11D3-BF4B-00C04F79EFBC}") = "TrueCodeTest.DbMigrator", "TrueCodeTest.DbMigrator\TrueCodeTest.DbMigrator.csproj", "{2541B6C7-1BD8-4C57-962E-B91B547451F8}"
EndProject
Project("{FAE04EC0-301F-11D3-BF4B-00C04F79EFBC}") = "TrueCodeTest.UserService", "TrueCodeTest.UserService\TrueCodeTest.UserService.csproj", "{8A55B9D9-5C01-423D-97C3-4D1251DBCA03}"
EndProject
Project("{FAE04EC0-301F-11D3-BF4B-00C04F79EFBC}") = "TrueCodeTest.UserService.Tests", "TrueCodeTest.UserService.Tests\TrueCodeTest.UserService.Tests.csproj", "{48565DDB-CD9A-4DC3-BFD3-B0117A63175E}"
EndProject
Project("{FAE04EC0-301F-11D3-BF4B-00C04F79EFBC}") = "TrueCodeTest.FinanceService", "TrueCodeTest.FinanceService\TrueCodeTest.FinanceService.csproj", "{70CF2C85-C006-4D90-B186-3BEA94360493}"
EndProject
Project("{FAE04EC0-301F-11D3-BF4B-00C04F79EFBC}") = "TrueCodeTest.FinanceService.Tests", "TrueCodeTest.FinanceService.Tests\TrueCodeTest.FinanceService.Tests.csproj", "{4B73CBE8-40E8-4287-88A6-037A5F8918BD}"
EndProject
Global
	GlobalSection(SolutionConfigurationPlatforms) = preSolution
		Debug|Any CPU = Debug|Any CPU
		Debug|x64 = Debug|x64
		Debug|x86 = Debug|x86
		Release|Any CPU = Release|Any CPU
		Release|x64 = Release|x64
		Release|x86 = Release|x86
	EndGlobalSection
	GlobalSection(ProjectConfigurationPlatforms) = postSolution
		{0BBC975E-B2FC-407F-9F5B-E2FE7BBDF89F}.Debug|Any CPU.ActiveCfg = Debug|Any CPU
		{0BBC975E-B2FC-407F-9F5B-E2FE7BBDF89F}.Debug|Any CPU.Build.0 = Debug|Any CPU
		{0BBC975E-B2FC-407F-9F5B-E2FE7BBDF89F}.Debug|x64.ActiveCfg = Debug|Any CPU
		{0BBC975E-B2FC-407F-9F5B-E2FE7BBDF89F}.Debug|x64.Build.0 = Debug|Any CPU
		{0BBC975E-B2FC-407F-9F5B-E2FE7BBDF89F}.Debug|x86.ActiveCfg = Debug|Any CPU
		{0BBC975E-B2FC-407F-9F5B-E2FE7BBDF89F}.Debug|x86.Build.0 = Debug|Any CPU
		{0BBC975E-B2FC-407F-9F5B-E2FE7BBDF89F}.Release|Any CPU.ActiveCfg = Release|Any CPU
		{0BBC975E-B2FC-407F-9F5B-E2FE7BBDF89F}.Release|Any CPU.Build.0 = Release|Any CPU
		{0BBC975E-B2FC-407F-9F5B-E2FE7BBDF89F}.Release|x64.ActiveCfg = Release|Any CPU
		{0BBC975E-B2FC-407F-9F5B-E2FE7BBDF89F}.Release|x64.Build.0 = Release|Any CPU
		{0BBC975E-B2FC-407F-9F5B-E2FE7BBDF89F}.Release|x86.ActiveCfg = Release|Any CPU
		{0BBC975E-B2FC-407F-9F5B-E2FE7BBDF89F}.Release|x86.Build.0 = Release|Any CPU
		{996104AE-01F2-470F-8FED-4A201E6E6852}.Debug|Any CPU.ActiveCfg = Debug|Any CPU
		{996104AE-01F2-470F-8FED-4A201E6E6852}.Debug|Any CPU.Build.0 = Debug|Any CPU
		{996104AE-01F2-470F-8FED-4A201E6E6852}.Debug|x64.ActiveCfg = Debug|Any CPU
		{996104AE-01F2-470F-8FED-4A201E6E6852}.Debug|x64.Build.0 = Debug|Any CPU
		{996104AE-01F2-470F-8FED-4A201E6E6852}.Debug|x86.ActiveCfg = Debug|Any CPU
		{996104AE-01F2-470F-8FED-4A201E6E6852}.Debug|x86.Build.0 = Debug|Any CPU
		{996104AE-01F2-470F-8FED-4A201E6E6852}.Release|Any CPU.ActiveCfg = Release|Any CPU
		{996104AE-01F2-470F-8FED-4A201E6E6852}.Release|Any CPU.Build.0 = Release|Any CPU
		{996104AE-01F2-470F-8FED-4A201E6E6852}.Release|x64.ActiveCfg = Release|Any CPU
		{996104AE-01F2-470F-8FED-4A201E6E6852}.Release|x64.Build.0 = Release|Any CPU
		{996104AE-01F2-470F-8FED-4A201E6E6852}.Release|x86.ActiveCfg = Release|Any CPU
		{996104AE-01F2-470F-8FED-4A201E6E6852}.Release|x86.Build.0 = Release|Any CPU
		{2541B6C7-1BD8-4C57-962E-B91B547451F8}.Debug|Any CPU.ActiveCfg = Debug|Any CPU
		{2541B6C7-1BD8-4C57-962E-B91B547451F8}.Debug|Any CPU.Build.0 = Debug|Any CPU
		{2541B6C7-1BD8-4C57-962E-B91B547451F8}.Debug|x64.ActiveCfg = Debug|Any CPU
		{2541B6C7-1BD8-4C57-962E-B91B547451F8}.Debug|x64.Build.0 = Debug|Any CPU
		{2541B6C7-1BD8-4C57-962E-B91B547451F8}.Debug|x86.ActiveCfg = Debug|Any CPU
		{2541B6C7-1BD8-4C57-962E-B91B547451F8}.Debug|x86.Build.0 = Debug|Any CPU
		{2541B6C7-1BD8-4C57-962E-B91B547451F8}.Release|Any CPU.ActiveCfg = Release|Any CPU
		{2541B6C7-1BD8-4C57-962E-B91B547451F8}.Release|Any CPU.Build.0 = Release|Any CPU
		{2541B6C7-1BD8-4C57-962E-B91B547451F8}.Release|x64.ActiveCfg = Release|Any CPU
		{2541B6C7-1BD8-4C57-962E-B91B547451F8}.Release|x64.Build.0 = Release|Any CPU
		{2541B6C7-1BD8-4C57-962E-B91B547451F8}.Release|x86.ActiveCfg = Release|Any CPU
		{2541B6C7-1BD8-4C57-962E-B91B547451F8}.Release|x86.Build.0 = Release|Any CPU
		{8A55B9D9-5C01-423D-97C3-4D1251DBCA03}.Debug|Any CPU.ActiveCfg = Debug|Any CPU
		{8A55B9D9-5C01-423D-97C3-4D1251DBCA03}.Debug|Any CPU.Build.0 = Debug|Any CPU
		{8A55B9D9-5C01-423D-97C3-4D1251DBCA03}.Debug|x64.ActiveCfg = Debug|Any CPU
		{8A55B9D9-5C01-423D-97C3-4D1251DBCA03}.Debug|x64.Build.0 = Debug|Any CPU
		{8A55B9D9-5C01-423D-97C3-4D1251DBCA03}.Debug|x86.ActiveCfg = Debug|Any CPU
		{8A55B9D9-5C01-423D-97C3-4D1251DBCA03}.Debug|x86.Build.0 = Debug|Any CPU
		{8A55B9D9-5C01-423D-97C3-4D1251DBCA03}.Release|Any CPU.ActiveCfg = Release|Any CPU
		{8A55B9D9-5C01-423D-97C3-4D1251DBCA03}.Release|Any CPU.Build.0 = Release|Any CPU
		{8A55B9D9-5C01-423D-97C3-4D1251DBCA03}.Release|x64.ActiveCfg = Release|Any CPU
		{8A55B9D9-5C01-423D-97C3-4D1251DBCA03}.Release|x64.Build.0 = Release|Any CPU
		{8A55B9D9-5C01-423D-97C3-4D1251DBCA03}.Release|x86.ActiveCfg = Release|Any CPU
		{8A55B9D9-5C01-423D-97C3-4D1251DBCA03}.Release|x86.Build.0 = Release|Any CPU
		{48565DDB-CD9A-4DC3-BFD3-B0117A63175E}.Debug|Any CPU.ActiveCfg = Debug|Any CPU
		{48565DDB-CD9A-4DC3-BFD3-B0117A63175E}.Debug|Any CPU.Build.0 = Debug|Any CPU
		{48565DDB-CD9A-4DC3-BFD3-B0117A63175E}.Debug|x64.ActiveCfg = Debug|Any CPU
		{48565DDB-CD9A-4DC3-BFD3-B0117A63175E}.Debug|x64.Build.0 = Debug|Any CPU
		{48565DDB-CD9A-4DC3-BFD3-B0117A63175E}.Debug|x86.ActiveCfg = Debug|Any CPU
		{48565DDB-CD9A-4DC3-BFD3-B0117A63175E}.Debug|x86.Build.0 = Debug|Any CPU
		{48565DDB-CD9A-4DC3-BFD3-B0117A63175E}.Release|Any CPU.ActiveCfg = Release|Any CPU
		{48565DDB-CD9A-4DC3-BFD3-B0117A63175E}.Release|Any CPU.Build.0 = Release|Any CPU
		{48565DDB-CD9A-4DC3-BFD3-B0117A63175E}.Release|x64.ActiveCfg = Release|Any CPU
		{48565DDB-CD9A-4DC3-BFD3-B0117A63175E}.Release|x64.Build.0 = Release|Any CPU
		{48565DDB-CD9A-4DC3-BFD3-B0117A63175E}.Release|x86.ActiveCfg = Release|Any CPU
		{48565DDB-CD9A-4DC3-BFD3-B0117A63175E}.Release|x86.Build.0 = Release|Any CPU
		{70CF2C85-C006-4D90-B186-3BEA94360493}.Debug|Any CPU.ActiveCfg = Debug|Any CPU
		{70CF2C85-C006-4D90-B186-3BEA94360493}.Debug|Any CPU.Build.0 = Debug|Any CPU
		{70CF2C85-C006-4D90-B186-3BEA94360493}.Debug|x64.ActiveCfg = Debug|Any CPU
		{70CF2C85-C006-4D90-B186-3BEA94360493}.Debug|x64.Build.0 = Debug|Any CPU
		{70CF2C85-C006-4D90-B186-3BEA94360493}.Debug|x86.ActiveCfg = Debug|Any CPU
		{70CF2C85-C006-4D90-B186-3BEA94360493}.Debug|x86.Build.0 = Debug|Any CPU
		{70CF2C85-C006-4D90-B186-3BEA94360493}.Release|Any CPU.ActiveCfg = Release|Any CPU
		{70CF2C85-C006-4D90-B186-3BEA94360493}.Release|Any CPU.Build.0 = Release|Any CPU
		{70CF2C85-C006-4D90-B186-3BEA94360493}.Release|x64.ActiveCfg = Release|Any CPU
		{70CF2C85-C006-4D90-B186-3BEA94360493}.Release|x64.Build.0 = Release|Any CPU
		{70CF2C85-C006-4D90-B186-3BEA94360493}.Release|x86.ActiveCfg = Release|Any CPU
		{70CF2C85-C006-4D90-B186-3BEA94360493}.Release|x86.Build.0 = Release|Any CPU
		{4B73CBE8-40E8-4287-88A6-037A5F8918BD}.Debug|Any CPU.ActiveCfg = Debug|Any CPU
		{4B73CBE8-40E8-4287-88A6-037A5F8918BD}.Debug|Any CPU.Build.0 = Debug|Any CPU
		{4B73CBE8-40E8-4287-88A6-037A5F8918BD}.Debug|x64.ActiveCfg = Debug|Any CPU
		{4B73CBE8-40E8-4287-88A6-037A5F8918BD}.Debug|x64.Build.0 = Debug|Any CPU
		{4B73CBE8-40E8-4287-88A6-037A5F8918BD}.Debug|x86.ActiveCfg = Debug|Any CPU
		{4B73CBE8-40E8-4287-88A6-037A5F8918BD}.Debug|x86.Build.0 = Debug|Any CPU
		{4B73CBE8-40E8-4287-88A6-037A5F8918BD}.Release|Any CPU.ActiveCfg = Release|Any CPU
		{4B73CBE8-40E8-4287-88A6-037A5F8918BD}.Release|Any CPU.Build.0 = Release|Any CPU
		{4B73CBE8-40E8-4287-88A6-037A5F8918BD}.Release|x64.ActiveCfg = Release|Any CPU
		{4B73CBE8-40E8-4287-88A6-037A5F8918BD}.Release|x64.Build.0 = Release|Any CPU
		{4B73CBE8-40E8-4287-88A6-037A5F8918BD}.Release|x86.ActiveCfg = Release|Any CPU
		{4B73CBE8-40E8-4287-88A6-037A5F8918BD}.Release|x86.Build.0 = Release|Any CPU
	EndGlobalSection
	GlobalSection(SolutionProperties) = preSolution
		HideSolutionNode = FALSE
	EndGlobalSection
EndGlobal
